lockfileVersion: '9.0'

settings:
  autoInstallPeers: true
  excludeLinksFromLockfile: false

catalogs:
  default:
    '@hono/node-server':
      specifier: 1.19.9
      version: 1.19.9
    '@types/node':
      specifier: 24.3.0
      version: 24.3.0
    hono:
      specifier: 4.12.3
      version: 4.12.3

importers:

  .: {}

  packages/example:
    dependencies:
      '@hono/node-server':
        specifier: 'catalog:'
        version: 1.19.9(hono@4.12.3)
      '@picobase/core':
        specifier: workspace:*
        version: link:../picobase
      hono:
        specifier: 'catalog:'
        version: 4.12.3
    devDependencies:
      '@types/node':
        specifier: 'catalog:'
        version: 24.3.0

  packages/picobase:
    dependencies:
      '@hono/node-server':
        specifier: 'catalog:'
        version: 1.19.9(hono@4.12.3)
      hono:
        specifier: 'catalog:'
        version: 4.12.3
    devDependencies:
      '@types/node':
        specifier: 'catalog:'
        version: 24.3.0
      typescript:
        specifier: ^5.9.3
        version: 5.9.3

packages:

  '@hono/node-server@1.19.9':
    resolution: {integrity: sha512-vHL6w3ecZsky+8P5MD+eFfaGTyCeOHUIFYMGpQGbrBTSmNNoxv0if69rEZ5giu36weC5saFuznL411gRX7bJDw==}
    engines: {node: '>=18.14.1'}
    peerDependencies:
      hono: ^4

  '@types/node@24.3.0':
    resolution: {integrity: sha512-aPTXCrfwnDLj4VvXrm+UUCQjNEvJgNA8s5F1cvwQU+3KNltTOkBm1j30uNLyqqPNe7gE3KFzImYoZEfLhp4Yow==}

  hono@4.12.3:
    resolution: {integrity: sha512-SFsVSjp8sj5UumXOOFlkZOG6XS9SJDKw0TbwFeV+AJ8xlST8kxK5Z/5EYa111UY8732lK2S/xB653ceuaoGwpg==}
    engines: {node: '>=16.9.0'}

  typescript@5.9.3:
    resolution: {integrity: sha512-jl1vZzPDinLr9eUt3J/t7V6FgNEw9QjvBPdysz9KfQDD41fQrC2Y4vKQdiaUpFT4bXlb1RHhLpp8wtm6M5TgSw==}
    engines: {node: '>=14.17'}
    hasBin: true

  undici-types@7.10.0:
    resolution: {integrity: sha512-t5Fy/nfn+14LuOc2KNYg75vZqClpAiqscVvMygNnlsHBFpSXdJaYtXMcdNLpl/Qvc3P2cB3s6lOV51nqsFq4ag==}

snapshots:

  '@hono/node-server@1.19.9(hono@4.12.3)':
    dependencies:
      hono: 4.12.3

  '@types/node@24.3.0':
    dependencies:
      undici-types: 7.10.0

  hono@4.12.3: {}

  typescript@5.9.3: {}

  undici-types@7.10.0: {}
